
Microsoft Visual Studio Solution File, Format Version 12.00
# Visual Studio Version 17
VisualStudioVersion = 17.0.31717.71
MinimumVisualStudioVersion = 10.0.40219.1
Project("{9A19103F-16F7-4668-BE54-9A1E7A4F7556}") = "App", "App\App.csproj", "{8DE30974-F37D-479B-917A-0FE6B1EBFEDA}"
EndProject
Project("{9A19103F-16F7-4668-BE54-9A1E7A4F7556}") = "App.XUnitTest", "App.XUnitTest\App.XUnitTest.csproj", "{2C523794-EC5C-4437-ABC8-7EB43594D9EE}"
EndProject
Project("{9A19103F-16F7-4668-BE54-9A1E7A4F7556}") = "MaxV.Helper", "App.Sub.MaxV.Helper\MaxV.Helper\MaxV.Helper.csproj", "{4A297C40-BA5E-40B5-98A5-69D48B143296}"
EndProject
Project("{9A19103F-16F7-4668-BE54-9A1E7A4F7556}") = "MaxV.Base", "App.Sub.MaxV.Base\MaxV.Base\MaxV.Base.csproj", "{EF2C3896-26D9-44BF-BBCF-1332DB7472BF}"
EndProject
Project("{2150E333-8FDC-42A3-9474-1A3956D46DE8}") = "Submodules", "Submodules", "{8714DF1B-7A17-458D-8918-5FFCCE8DBB31}"
EndProject
Project("{FAE04EC0-301F-11D3-BF4B-00C04F79EFBC}") = "App.Models", "App.Models\App.Models.csproj", "{72B5C572-45BD-4488-9E4F-95F36493E29B}"
EndProject
Project("{FAE04EC0-301F-11D3-BF4B-00C04F79EFBC}") = "App.Repositories", "App.Repositories\App.Repositories.csproj", "{B32CCC9C-7116-493C-8C4F-98710BD26F64}"
EndProject
Project("{FAE04EC0-301F-11D3-BF4B-00C04F79EFBC}") = "App.Services", "App.Services\App.Services.csproj", "{CEED0103-2775-4CE5-97E8-4300702D84C6}"
EndProject
Project("{FAE04EC0-301F-11D3-BF4B-00C04F79EFBC}") = "App.Services.XUnitTest", "App.Services.XUnitTest\App.Services.XUnitTest.csproj", "{94C47847-5F50-472F-AA1D-7C1C2BE9A544}"
EndProject
Project("{FAE04EC0-301F-11D3-BF4B-00C04F79EFBC}") = "App.Repositories.XUnitTest", "App.Repositories.XUnitTest\App.Repositories.XUnitTest.csproj", "{3B76B211-C253-4E6F-94E5-70E9224A2E7A}"
EndProject
Global
	GlobalSection(SolutionConfigurationPlatforms) = preSolution
		Debug|Any CPU = Debug|Any CPU
		Release|Any CPU = Release|Any CPU
	EndGlobalSection
	GlobalSection(ProjectConfigurationPlatforms) = postSolution
		{8DE30974-F37D-479B-917A-0FE6B1EBFEDA}.Debug|Any CPU.ActiveCfg = Debug|Any CPU
		{8DE30974-F37D-479B-917A-0FE6B1EBFEDA}.Debug|Any CPU.Build.0 = Debug|Any CPU
		{8DE30974-F37D-479B-917A-0FE6B1EBFEDA}.Release|Any CPU.ActiveCfg = Release|Any CPU
		{8DE30974-F37D-479B-917A-0FE6B1EBFEDA}.Release|Any CPU.Build.0 = Release|Any CPU
		{2C523794-EC5C-4437-ABC8-7EB43594D9EE}.Debug|Any CPU.ActiveCfg = Debug|Any CPU
		{2C523794-EC5C-4437-ABC8-7EB43594D9EE}.Debug|Any CPU.Build.0 = Debug|Any CPU
		{2C523794-EC5C-4437-ABC8-7EB43594D9EE}.Release|Any CPU.ActiveCfg = Release|Any CPU
		{2C523794-EC5C-4437-ABC8-7EB43594D9EE}.Release|Any CPU.Build.0 = Release|Any CPU
		{4A297C40-BA5E-40B5-98A5-69D48B143296}.Debug|Any CPU.ActiveCfg = Debug|Any CPU
		{4A297C40-BA5E-40B5-98A5-69D48B143296}.Debug|Any CPU.Build.0 = Debug|Any CPU
		{4A297C40-BA5E-40B5-98A5-69D48B143296}.Release|Any CPU.ActiveCfg = Release|Any CPU
		{4A297C40-BA5E-40B5-98A5-69D48B143296}.Release|Any CPU.Build.0 = Release|Any CPU
		{EF2C3896-26D9-44BF-BBCF-1332DB7472BF}.Debug|Any CPU.ActiveCfg = Debug|Any CPU
		{EF2C3896-26D9-44BF-BBCF-1332DB7472BF}.Debug|Any CPU.Build.0 = Debug|Any CPU
		{EF2C3896-26D9-44BF-BBCF-1332DB7472BF}.Release|Any CPU.ActiveCfg = Release|Any CPU
		{EF2C3896-26D9-44BF-BBCF-1332DB7472BF}.Release|Any CPU.Build.0 = Release|Any CPU
		{72B5C572-45BD-4488-9E4F-95F36493E29B}.Debug|Any CPU.ActiveCfg = Debug|Any CPU
		{72B5C572-45BD-4488-9E4F-95F36493E29B}.Debug|Any CPU.Build.0 = Debug|Any CPU
		{72B5C572-45BD-4488-9E4F-95F36493E29B}.Release|Any CPU.ActiveCfg = Release|Any CPU
		{72B5C572-45BD-4488-9E4F-95F36493E29B}.Release|Any CPU.Build.0 = Release|Any CPU
		{B32CCC9C-7116-493C-8C4F-98710BD26F64}.Debug|Any CPU.ActiveCfg = Debug|Any CPU
		{B32CCC9C-7116-493C-8C4F-98710BD26F64}.Debug|Any CPU.Build.0 = Debug|Any CPU
		{B32CCC9C-7116-493C-8C4F-98710BD26F64}.Release|Any CPU.ActiveCfg = Release|Any CPU
		{B32CCC9C-7116-493C-8C4F-98710BD26F64}.Release|Any CPU.Build.0 = Release|Any CPU
		{CEED0103-2775-4CE5-97E8-4300702D84C6}.Debug|Any CPU.ActiveCfg = Debug|Any CPU
		{CEED0103-2775-4CE5-97E8-4300702D84C6}.Debug|Any CPU.Build.0 = Debug|Any CPU
		{CEED0103-2775-4CE5-97E8-4300702D84C6}.Release|Any CPU.ActiveCfg = Release|Any CPU
		{CEED0103-2775-4CE5-97E8-4300702D84C6}.Release|Any CPU.Build.0 = Release|Any CPU
		{94C47847-5F50-472F-AA1D-7C1C2BE9A544}.Debug|Any CPU.ActiveCfg = Debug|Any CPU
		{94C47847-5F50-472F-AA1D-7C1C2BE9A544}.Debug|Any CPU.Build.0 = Debug|Any CPU
		{94C47847-5F50-472F-AA1D-7C1C2BE9A544}.Release|Any CPU.ActiveCfg = Release|Any CPU
		{94C47847-5F50-472F-AA1D-7C1C2BE9A544}.Release|Any CPU.Build.0 = Release|Any CPU
		{3B76B211-C253-4E6F-94E5-70E9224A2E7A}.Debug|Any CPU.ActiveCfg = Debug|Any CPU
		{3B76B211-C253-4E6F-94E5-70E9224A2E7A}.Debug|Any CPU.Build.0 = Debug|Any CPU
		{3B76B211-C253-4E6F-94E5-70E9224A2E7A}.Release|Any CPU.ActiveCfg = Release|Any CPU
		{3B76B211-C253-4E6F-94E5-70E9224A2E7A}.Release|Any CPU.Build.0 = Release|Any CPU
	EndGlobalSection
	GlobalSection(SolutionProperties) = preSolution
		HideSolutionNode = FALSE
	EndGlobalSection
	GlobalSection(NestedProjects) = preSolution
		{4A297C40-BA5E-40B5-98A5-69D48B143296} = {8714DF1B-7A17-458D-8918-5FFCCE8DBB31}
		{EF2C3896-26D9-44BF-BBCF-1332DB7472BF} = {8714DF1B-7A17-458D-8918-5FFCCE8DBB31}
	EndGlobalSection
	GlobalSection(ExtensibilityGlobals) = postSolution
		SolutionGuid = {BF63B6A3-8577-4604-A776-C8BFF953F591}
	EndGlobalSection
EndGlobal
